// !$*UTF8*$!
{
	archiveVersion = 1;
	classes = {
	};
	objectVersion = 46;
	objects = {

/* Begin PBXBuildFile section */
		030A3E401CC9CA77004DE83A /* MMPGraphTableViewCell.swift in Sources */ = {isa = PBXBuildFile; fileRef = 030A3E3E1CC9CA77004DE83A /* MMPGraphTableViewCell.swift */; };
		030A3E411CC9CA77004DE83A /* MMPGraphTableViewCell.xib in Resources */ = {isa = PBXBuildFile; fileRef = 030A3E3F1CC9CA77004DE83A /* MMPGraphTableViewCell.xib */; };
		0319604E1CC5F29200A56782 /* MMPGraphViewController.swift in Sources */ = {isa = PBXBuildFile; fileRef = 0319604D1CC5F29200A56782 /* MMPGraphViewController.swift */; };
		031960521CC5FC2D00A56782 /* MMPMedia.xcassets in Resources */ = {isa = PBXBuildFile; fileRef = 031960511CC5FC2D00A56782 /* MMPMedia.xcassets */; };
		037ABD671CC5BB7A00BE05CC /* MMPGraphView+Visuals.swift in Sources */ = {isa = PBXBuildFile; fileRef = 037ABD661CC5BB7A00BE05CC /* MMPGraphView+Visuals.swift */; };
		037ABD6D1CC5C0CF00BE05CC /* MMPGraphDataPoint.swift in Sources */ = {isa = PBXBuildFile; fileRef = 037ABD6A1CC5C0CF00BE05CC /* MMPGraphDataPoint.swift */; };
		037ABD6E1CC5C0CF00BE05CC /* MMPGraphDataSet.swift in Sources */ = {isa = PBXBuildFile; fileRef = 037ABD6B1CC5C0CF00BE05CC /* MMPGraphDataSet.swift */; };
		037ABD6F1CC5C0CF00BE05CC /* MMPGraphDelegate.swift in Sources */ = {isa = PBXBuildFile; fileRef = 037ABD6C1CC5C0CF00BE05CC /* MMPGraphDelegate.swift */; };
		037D04AE1CBB694700AE0C83 /* AppDelegate.swift in Sources */ = {isa = PBXBuildFile; fileRef = 037D04AD1CBB694700AE0C83 /* AppDelegate.swift */; };
		037D04B01CBB694700AE0C83 /* ViewController.swift in Sources */ = {isa = PBXBuildFile; fileRef = 037D04AF1CBB694700AE0C83 /* ViewController.swift */; };
		037D04B31CBB694700AE0C83 /* Main.storyboard in Resources */ = {isa = PBXBuildFile; fileRef = 037D04B11CBB694700AE0C83 /* Main.storyboard */; };
		037D04B51CBB694700AE0C83 /* Assets.xcassets in Resources */ = {isa = PBXBuildFile; fileRef = 037D04B41CBB694700AE0C83 /* Assets.xcassets */; };
		037D04B81CBB694700AE0C83 /* LaunchScreen.storyboard in Resources */ = {isa = PBXBuildFile; fileRef = 037D04B61CBB694700AE0C83 /* LaunchScreen.storyboard */; };
		037D04CD1CBB697800AE0C83 /* MMPGraphView.swift in Sources */ = {isa = PBXBuildFile; fileRef = 037D04CA1CBB697800AE0C83 /* MMPGraphView.swift */; };
		037D04D11CBB6A9A00AE0C83 /* MMPTestData.swift in Sources */ = {isa = PBXBuildFile; fileRef = 037D04D01CBB6A9A00AE0C83 /* MMPTestData.swift */; };
/* End PBXBuildFile section */

/* Begin PBXFileReference section */
		030A3E3E1CC9CA77004DE83A /* MMPGraphTableViewCell.swift */ = {isa = PBXFileReference; fileEncoding = 4; lastKnownFileType = sourcecode.swift; path = MMPGraphTableViewCell.swift; sourceTree = "<group>"; };
		030A3E3F1CC9CA77004DE83A /* MMPGraphTableViewCell.xib */ = {isa = PBXFileReference; fileEncoding = 4; lastKnownFileType = file.xib; path = MMPGraphTableViewCell.xib; sourceTree = "<group>"; };
		0319604D1CC5F29200A56782 /* MMPGraphViewController.swift */ = {isa = PBXFileReference; fileEncoding = 4; lastKnownFileType = sourcecode.swift; path = MMPGraphViewController.swift; sourceTree = "<group>"; };
		031960511CC5FC2D00A56782 /* MMPMedia.xcassets */ = {isa = PBXFileReference; lastKnownFileType = folder.assetcatalog; name = MMPMedia.xcassets; path = Resources/MMPMedia.xcassets; sourceTree = "<group>"; };
		037ABD661CC5BB7A00BE05CC /* MMPGraphView+Visuals.swift */ = {isa = PBXFileReference; fileEncoding = 4; lastKnownFileType = sourcecode.swift; name = "MMPGraphView+Visuals.swift"; path = "Extensions/MMPGraphView+Visuals.swift"; sourceTree = "<group>"; };
		037ABD6A1CC5C0CF00BE05CC /* MMPGraphDataPoint.swift */ = {isa = PBXFileReference; fileEncoding = 4; lastKnownFileType = sourcecode.swift; name = MMPGraphDataPoint.swift; path = Data/MMPGraphDataPoint.swift; sourceTree = "<group>"; };
		037ABD6B1CC5C0CF00BE05CC /* MMPGraphDataSet.swift */ = {isa = PBXFileReference; fileEncoding = 4; lastKnownFileType = sourcecode.swift; name = MMPGraphDataSet.swift; path = Data/MMPGraphDataSet.swift; sourceTree = "<group>"; };
		037ABD6C1CC5C0CF00BE05CC /* MMPGraphDelegate.swift */ = {isa = PBXFileReference; fileEncoding = 4; lastKnownFileType = sourcecode.swift; name = MMPGraphDelegate.swift; path = Data/MMPGraphDelegate.swift; sourceTree = "<group>"; };
		037D04AA1CBB694700AE0C83 /* MMPGraphView.app */ = {isa = PBXFileReference; explicitFileType = wrapper.application; includeInIndex = 0; path = MMPGraphView.app; sourceTree = BUILT_PRODUCTS_DIR; };
		037D04AD1CBB694700AE0C83 /* AppDelegate.swift */ = {isa = PBXFileReference; lastKnownFileType = sourcecode.swift; path = AppDelegate.swift; sourceTree = "<group>"; };
		037D04AF1CBB694700AE0C83 /* ViewController.swift */ = {isa = PBXFileReference; lastKnownFileType = sourcecode.swift; path = ViewController.swift; sourceTree = "<group>"; };
		037D04B21CBB694700AE0C83 /* Base */ = {isa = PBXFileReference; lastKnownFileType = file.storyboard; name = Base; path = Base.lproj/Main.storyboard; sourceTree = "<group>"; };
		037D04B41CBB694700AE0C83 /* Assets.xcassets */ = {isa = PBXFileReference; lastKnownFileType = folder.assetcatalog; path = Assets.xcassets; sourceTree = "<group>"; };
		037D04B71CBB694700AE0C83 /* Base */ = {isa = PBXFileReference; lastKnownFileType = file.storyboard; name = Base; path = Base.lproj/LaunchScreen.storyboard; sourceTree = "<group>"; };
		037D04B91CBB694700AE0C83 /* Info.plist */ = {isa = PBXFileReference; lastKnownFileType = text.plist.xml; path = Info.plist; sourceTree = "<group>"; };
		037D04CA1CBB697800AE0C83 /* MMPGraphView.swift */ = {isa = PBXFileReference; fileEncoding = 4; lastKnownFileType = sourcecode.swift; path = MMPGraphView.swift; sourceTree = "<group>"; };
		037D04D01CBB6A9A00AE0C83 /* MMPTestData.swift */ = {isa = PBXFileReference; fileEncoding = 4; lastKnownFileType = sourcecode.swift; path = MMPTestData.swift; sourceTree = "<group>"; };
/* End PBXFileReference section */

/* Begin PBXFrameworksBuildPhase section */
		037D04A71CBB694700AE0C83 /* Frameworks */ = {
			isa = PBXFrameworksBuildPhase;
			buildActionMask = 2147483647;
			files = (
			);
			runOnlyForDeploymentPostprocessing = 0;
		};
/* End PBXFrameworksBuildPhase section */

/* Begin PBXGroup section */
		031960501CC5FBF600A56782 /* Resources */ = {
			isa = PBXGroup;
			children = (
				031960511CC5FC2D00A56782 /* MMPMedia.xcassets */,
			);
			name = Resources;
			sourceTree = "<group>";
		};
		037ABD681CC5BB9B00BE05CC /* Extensions */ = {
			isa = PBXGroup;
			children = (
				037ABD661CC5BB7A00BE05CC /* MMPGraphView+Visuals.swift */,
			);
			name = Extensions;
			sourceTree = "<group>";
		};
		037ABD691CC5C0C300BE05CC /* Data */ = {
			isa = PBXGroup;
			children = (
				037ABD6A1CC5C0CF00BE05CC /* MMPGraphDataPoint.swift */,
				037ABD6B1CC5C0CF00BE05CC /* MMPGraphDataSet.swift */,
				037ABD6C1CC5C0CF00BE05CC /* MMPGraphDelegate.swift */,
			);
			name = Data;
			sourceTree = "<group>";
		};
		037D04A11CBB694700AE0C83 = {
			isa = PBXGroup;
			children = (
				037D04AC1CBB694700AE0C83 /* MMPGraphView */,
				037D04C71CBB697800AE0C83 /* MMPGraph */,
				037D04AB1CBB694700AE0C83 /* Products */,
			);
			sourceTree = "<group>";
		};
		037D04AB1CBB694700AE0C83 /* Products */ = {
			isa = PBXGroup;
			children = (
				037D04AA1CBB694700AE0C83 /* MMPGraphView.app */,
			);
			name = Products;
			sourceTree = "<group>";
		};
		037D04AC1CBB694700AE0C83 /* MMPGraphView */ = {
			isa = PBXGroup;
			children = (
				037D04AD1CBB694700AE0C83 /* AppDelegate.swift */,
				037D04AF1CBB694700AE0C83 /* ViewController.swift */,
				037D04B11CBB694700AE0C83 /* Main.storyboard */,
				037D04B41CBB694700AE0C83 /* Assets.xcassets */,
				037D04B61CBB694700AE0C83 /* LaunchScreen.storyboard */,
				037D04B91CBB694700AE0C83 /* Info.plist */,
				037D04D01CBB6A9A00AE0C83 /* MMPTestData.swift */,
			);
			path = MMPGraphView;
			sourceTree = "<group>";
		};
		037D04C71CBB697800AE0C83 /* MMPGraph */ = {
			isa = PBXGroup;
			children = (
				037D04CA1CBB697800AE0C83 /* MMPGraphView.swift */,
				0319604D1CC5F29200A56782 /* MMPGraphViewController.swift */,
				030A3E3E1CC9CA77004DE83A /* MMPGraphTableViewCell.swift */,
				030A3E3F1CC9CA77004DE83A /* MMPGraphTableViewCell.xib */,
				037ABD691CC5C0C300BE05CC /* Data */,
				037ABD681CC5BB9B00BE05CC /* Extensions */,
				031960501CC5FBF600A56782 /* Resources */,
			);
			name = MMPGraph;
			path = MMPGraphView/MMPGraph;
			sourceTree = "<group>";
		};
/* End PBXGroup section */

/* Begin PBXNativeTarget section */
		037D04A91CBB694700AE0C83 /* MMPGraphView */ = {
			isa = PBXNativeTarget;
			buildConfigurationList = 037D04BC1CBB694700AE0C83 /* Build configuration list for PBXNativeTarget "MMPGraphView" */;
			buildPhases = (
				037D04A61CBB694700AE0C83 /* Sources */,
				037D04A71CBB694700AE0C83 /* Frameworks */,
				037D04A81CBB694700AE0C83 /* Resources */,
			);
			buildRules = (
			);
			dependencies = (
			);
			name = MMPGraphView;
			productName = MMPGraphView;
			productReference = 037D04AA1CBB694700AE0C83 /* MMPGraphView.app */;
			productType = "com.apple.product-type.application";
		};
/* End PBXNativeTarget section */

/* Begin PBXProject section */
		037D04A21CBB694700AE0C83 /* Project object */ = {
			isa = PBXProject;
			attributes = {
				LastSwiftUpdateCheck = 0730;
				LastUpgradeCheck = 0730;
				ORGANIZATIONNAME = "My Macros+, LLC";
				TargetAttributes = {
					037D04A91CBB694700AE0C83 = {
						CreatedOnToolsVersion = 7.3;
					};
				};
			};
			buildConfigurationList = 037D04A51CBB694700AE0C83 /* Build configuration list for PBXProject "MMPGraphView" */;
			compatibilityVersion = "Xcode 3.2";
			developmentRegion = English;
			hasScannedForEncodings = 0;
			knownRegions = (
				en,
				Base,
			);
			mainGroup = 037D04A11CBB694700AE0C83;
			productRefGroup = 037D04AB1CBB694700AE0C83 /* Products */;
			projectDirPath = "";
			projectRoot = "";
			targets = (
				037D04A91CBB694700AE0C83 /* MMPGraphView */,
			);
		};
/* End PBXProject section */

/* Begin PBXResourcesBuildPhase section */
		037D04A81CBB694700AE0C83 /* Resources */ = {
			isa = PBXResourcesBuildPhase;
			buildActionMask = 2147483647;
			files = (
				037D04B81CBB694700AE0C83 /* LaunchScreen.storyboard in Resources */,
				037D04B51CBB694700AE0C83 /* Assets.xcassets in Resources */,
				037D04B31CBB694700AE0C83 /* Main.storyboard in Resources */,
				030A3E411CC9CA77004DE83A /* MMPGraphTableViewCell.xib in Resources */,
				031960521CC5FC2D00A56782 /* MMPMedia.xcassets in Resources */,
			);
			runOnlyForDeploymentPostprocessing = 0;
		};
/* End PBXResourcesBuildPhase section */

/* Begin PBXSourcesBuildPhase section */
		037D04A61CBB694700AE0C83 /* Sources */ = {
			isa = PBXSourcesBuildPhase;
			buildActionMask = 2147483647;
			files = (
				037ABD6F1CC5C0CF00BE05CC /* MMPGraphDelegate.swift in Sources */,
				037D04B01CBB694700AE0C83 /* ViewController.swift in Sources */,
				0319604E1CC5F29200A56782 /* MMPGraphViewController.swift in Sources */,
				037D04CD1CBB697800AE0C83 /* MMPGraphView.swift in Sources */,
				037ABD6D1CC5C0CF00BE05CC /* MMPGraphDataPoint.swift in Sources */,
				030A3E401CC9CA77004DE83A /* MMPGraphTableViewCell.swift in Sources */,
				037D04D11CBB6A9A00AE0C83 /* MMPTestData.swift in Sources */,
				037D04AE1CBB694700AE0C83 /* AppDelegate.swift in Sources */,
				037ABD671CC5BB7A00BE05CC /* MMPGraphView+Visuals.swift in Sources */,
				037ABD6E1CC5C0CF00BE05CC /* MMPGraphDataSet.swift in Sources */,
			);
			runOnlyForDeploymentPostprocessing = 0;
		};
/* End PBXSourcesBuildPhase section */

/* Begin PBXVariantGroup section */
		037D04B11CBB694700AE0C83 /* Main.storyboard */ = {
			isa = PBXVariantGroup;
			children = (
				037D04B21CBB694700AE0C83 /* Base */,
			);
			name = Main.storyboard;
			sourceTree = "<group>";
		};
		037D04B61CBB694700AE0C83 /* LaunchScreen.storyboard */ = {
			isa = PBXVariantGroup;
			children = (
				037D04B71CBB694700AE0C83 /* Base */,
			);
			name = LaunchScreen.storyboard;
			sourceTree = "<group>";
		};
/* End PBXVariantGroup section */

/* Begin XCBuildConfiguration section */
		037D04BA1CBB694700AE0C83 /* Debug */ = {
			isa = XCBuildConfiguration;
			buildSettings = {
				ALWAYS_SEARCH_USER_PATHS = NO;
				CLANG_ANALYZER_NONNULL = YES;
				CLANG_CXX_LANGUAGE_STANDARD = "gnu++0x";
				CLANG_CXX_LIBRARY = "libc++";
				CLANG_ENABLE_MODULES = YES;
				CLANG_ENABLE_OBJC_ARC = YES;
				CLANG_WARN_BOOL_CONVERSION = YES;
				CLANG_WARN_CONSTANT_CONVERSION = YES;
				CLANG_WARN_DIRECT_OBJC_ISA_USAGE = YES_ERROR;
				CLANG_WARN_EMPTY_BODY = YES;
				CLANG_WARN_ENUM_CONVERSION = YES;
				CLANG_WARN_INT_CONVERSION = YES;
				CLANG_WARN_OBJC_ROOT_CLASS = YES_ERROR;
				CLANG_WARN_UNREACHABLE_CODE = YES;
				CLANG_WARN__DUPLICATE_METHOD_MATCH = YES;
				"CODE_SIGN_IDENTITY[sdk=iphoneos*]" = "iPhone Developer";
				COPY_PHASE_STRIP = NO;
				DEBUG_INFORMATION_FORMAT = dwarf;
				ENABLE_STRICT_OBJC_MSGSEND = YES;
				ENABLE_TESTABILITY = YES;
				GCC_C_LANGUAGE_STANDARD = gnu99;
				GCC_DYNAMIC_NO_PIC = NO;
				GCC_NO_COMMON_BLOCKS = YES;
				GCC_OPTIMIZATION_LEVEL = 0;
				GCC_PREPROCESSOR_DEFINITIONS = (
					"DEBUG=1",
					"$(inherited)",
				);
				GCC_WARN_64_TO_32_BIT_CONVERSION = YES;
				GCC_WARN_ABOUT_RETURN_TYPE = YES_ERROR;
				GCC_WARN_UNDECLARED_SELECTOR = YES;
				GCC_WARN_UNINITIALIZED_AUTOS = YES_AGGRESSIVE;
				GCC_WARN_UNUSED_FUNCTION = YES;
				GCC_WARN_UNUSED_VARIABLE = YES;
				IPHONEOS_DEPLOYMENT_TARGET = 9.3;
				MTL_ENABLE_DEBUG_INFO = YES;
				ONLY_ACTIVE_ARCH = YES;
				SDKROOT = iphoneos;
				SWIFT_OPTIMIZATION_LEVEL = "-Onone";
			};
			name = Debug;
		};
		037D04BB1CBB694700AE0C83 /* Release */ = {
			isa = XCBuildConfiguration;
			buildSettings = {
				ALWAYS_SEARCH_USER_PATHS = NO;
				CLANG_ANALYZER_NONNULL = YES;
				CLANG_CXX_LANGUAGE_STANDARD = "gnu++0x";
				CLANG_CXX_LIBRARY = "libc++";
				CLANG_ENABLE_MODULES = YES;
				CLANG_ENABLE_OBJC_ARC = YES;
				CLANG_WARN_BOOL_CONVERSION = YES;
				CLANG_WARN_CONSTANT_CONVERSION = YES;
				CLANG_WARN_DIRECT_OBJC_ISA_USAGE = YES_ERROR;
				CLANG_WARN_EMPTY_BODY = YES;
				CLANG_WARN_ENUM_CONVERSION = YES;
				CLANG_WARN_INT_CONVERSION = YES;
				CLANG_WARN_OBJC_ROOT_CLASS = YES_ERROR;
				CLANG_WARN_UNREACHABLE_CODE = YES;
				CLANG_WARN__DUPLICATE_METHOD_MATCH = YES;
				"CODE_SIGN_IDENTITY[sdk=iphoneos*]" = "iPhone Developer";
				COPY_PHASE_STRIP = NO;
				DEBUG_INFORMATION_FORMAT = "dwarf-with-dsym";
				ENABLE_NS_ASSERTIONS = NO;
				ENABLE_STRICT_OBJC_MSGSEND = YES;
				GCC_C_LANGUAGE_STANDARD = gnu99;
				GCC_NO_COMMON_BLOCKS = YES;
				GCC_WARN_64_TO_32_BIT_CONVERSION = YES;
				GCC_WARN_ABOUT_RETURN_TYPE = YES_ERROR;
				GCC_WARN_UNDECLARED_SELECTOR = YES;
				GCC_WARN_UNINITIALIZED_AUTOS = YES_AGGRESSIVE;
				GCC_WARN_UNUSED_FUNCTION = YES;
				GCC_WARN_UNUSED_VARIABLE = YES;
				IPHONEOS_DEPLOYMENT_TARGET = 9.3;
				MTL_ENABLE_DEBUG_INFO = NO;
				SDKROOT = iphoneos;
				VALIDATE_PRODUCT = YES;
			};
			name = Release;
		};
		037D04BD1CBB694700AE0C83 /* Debug */ = {
			isa = XCBuildConfiguration;
			buildSettings = {
				ASSETCATALOG_COMPILER_APPICON_NAME = AppIcon;
				INFOPLIST_FILE = MMPGraphView/Info.plist;
				LD_RUNPATH_SEARCH_PATHS = "$(inherited) @executable_path/Frameworks";
				PRODUCT_BUNDLE_IDENTIFIER = com.macros.MMPGraphView;
				PRODUCT_NAME = "$(TARGET_NAME)";
			};
			name = Debug;
		};
		037D04BE1CBB694700AE0C83 /* Release */ = {
			isa = XCBuildConfiguration;
			buildSettings = {
				ASSETCATALOG_COMPILER_APPICON_NAME = AppIcon;
				INFOPLIST_FILE = MMPGraphView/Info.plist;
				LD_RUNPATH_SEARCH_PATHS = "$(inherited) @executable_path/Frameworks";
				PRODUCT_BUNDLE_IDENTIFIER = com.macros.MMPGraphView;
				PRODUCT_NAME = "$(TARGET_NAME)";
			};
			name = Release;
		};
/* End XCBuildConfiguration section */

/* Begin XCConfigurationList section */
		037D04A51CBB694700AE0C83 /* Build configuration list for PBXProject "MMPGraphView" */ = {
			isa = XCConfigurationList;
			buildConfigurations = (
				037D04BA1CBB694700AE0C83 /* Debug */,
				037D04BB1CBB694700AE0C83 /* Release */,
			);
			defaultConfigurationIsVisible = 0;
			defaultConfigurationName = Release;
		};
		037D04BC1CBB694700AE0C83 /* Build configuration list for PBXNativeTarget "MMPGraphView" */ = {
			isa = XCConfigurationList;
			buildConfigurations = (
				037D04BD1CBB694700AE0C83 /* Debug */,
				037D04BE1CBB694700AE0C83 /* Release */,
			);
			defaultConfigurationIsVisible = 0;
			defaultConfigurationName = Release;
		};
/* End XCConfigurationList section */
	};
	rootObject = 037D04A21CBB694700AE0C83 /* Project object */;
}
